
Microsoft Visual Studio Solution File, Format Version 12.00
# Visual Studio 15
VisualStudioVersion = 15.0.28307.421
MinimumVisualStudioVersion = 10.0.40219.1
Project("{9A19103F-16F7-4668-BE54-9A1E7A4F7556}") = "Fahrenheit-to-Celcius", "Fahrenheit-to-Celcius.csproj", "{7520F1B6-6919-4F1A-B6AC-4EF577018045}"
EndProject
Global
	GlobalSection(SolutionConfigurationPlatforms) = preSolution
		Debug|Any CPU = Debug|Any CPU
		Release|Any CPU = Release|Any CPU
	EndGlobalSection
	GlobalSection(ProjectConfigurationPlatforms) = postSolution
		{7520F1B6-6919-4F1A-B6AC-4EF577018045}.Debug|Any CPU.ActiveCfg = Debug|Any CPU
		{7520F1B6-6919-4F1A-B6AC-4EF577018045}.Debug|Any CPU.Build.0 = Debug|Any CPU
		{7520F1B6-6919-4F1A-B6AC-4EF577018045}.Release|Any CPU.ActiveCfg = Release|Any CPU
		{7520F1B6-6919-4F1A-B6AC-4EF577018045}.Release|Any CPU.Build.0 = Release|Any CPU
	EndGlobalSection
	GlobalSection(SolutionProperties) = preSolution
		HideSolutionNode = FALSE
	EndGlobalSection
	GlobalSection(ExtensibilityGlobals) = postSolution
		SolutionGuid = {0F33DD13-7E66-43BB-B553-5F24A22862EB}
	EndGlobalSection
EndGlobal
